
Microsoft Visual Studio Solution File, Format Version 12.00
# Visual Studio Version 17
VisualStudioVersion = 17.7.34221.43
MinimumVisualStudioVersion = 10.0.40219.1
Project("{FAE04EC0-301F-11D3-BF4B-00C04F79EFBC}") = "Sentence_Builder", "Sentence_Builder\Sentence_Builder.csproj", "{6C1F4DF0-D184-46A9-9567-3483CA64AC3C}"
EndProject
Global
	GlobalSection(SolutionConfigurationPlatforms) = preSolution
		Debug|Any CPU = Debug|Any CPU
		Release|Any CPU = Release|Any CPU
	EndGlobalSection
	GlobalSection(ProjectConfigurationPlatforms) = postSolution
		{6C1F4DF0-D184-46A9-9567-3483CA64AC3C}.Debug|Any CPU.ActiveCfg = Debug|Any CPU
		{6C1F4DF0-D184-46A9-9567-3483CA64AC3C}.Debug|Any CPU.Build.0 = Debug|Any CPU
		{6C1F4DF0-D184-46A9-9567-3483CA64AC3C}.Release|Any CPU.ActiveCfg = Release|Any CPU
		{6C1F4DF0-D184-46A9-9567-3483CA64AC3C}.Release|Any CPU.Build.0 = Release|Any CPU
	EndGlobalSection
	GlobalSection(SolutionProperties) = preSolution
		HideSolutionNode = FALSE
	EndGlobalSection
	GlobalSection(ExtensibilityGlobals) = postSolution
		SolutionGuid = {B723F202-C73D-4C72-A1B9-6863C16EABD9}
	EndGlobalSection
EndGlobal
